# THIS IS AN AUTOGENERATED FILE. DO NOT EDIT THIS FILE DIRECTLY.
# yarn lockfile v1


"@openzeppelin/contracts-upgradeable@^5.1.0":
  version "5.1.0"
  resolved "https://registry.yarnpkg.com/@openzeppelin/contracts-upgradeable/-/contracts-upgradeable-5.1.0.tgz#4d37648b7402929c53e2ff6e45749ecff91eb2b6"
  integrity sha512-AIElwP5Ck+cslNE+Hkemf5SxjJoF4wBvvjxc27Rp+9jaPs/CLIaUBMYe1FNzhdiN0cYuwGRmYaRHmmntuiju4Q==

solady@^0.0.268:
  version "0.0.268"
  resolved "https://registry.yarnpkg.com/solady/-/solady-0.0.268.tgz#cb3ebe26446bc8c383936d02b9523752cf206a44"
  integrity sha512-QQyuFtU2Gv8Y6BHuGMqZmGAYgcebYXSMnYeWJBurCtNyDY2izsxUbnjmhP/DKoPyBQTzSkbLeTa5X0+WVP7BEA==
